// !$*UTF8*$!
{
	archiveVersion = 1;
	classes = {
	};
	objectVersion = 46;
	objects = {

/* Begin PBXBuildFile section */
		FA38EF6E1B0EE4DB0006E5D2 /* ViewController.m in Sources */ = {isa = PBXBuildFile; fileRef = FA38EF681B0EE4DB0006E5D2 /* ViewController.m */; };
		FA38EF701B0EE4DB0006E5D2 /* AppDelegate.m in Sources */ = {isa = PBXBuildFile; fileRef = FA38EF6C1B0EE4DB0006E5D2 /* AppDelegate.m */; };
		FA38EF721B0EE5100006E5D2 /* main.m in Sources */ = {isa = PBXBuildFile; fileRef = FA38EF711B0EE5100006E5D2 /* main.m */; };
		FA38EF771B0EE54D0006E5D2 /* LaunchScreen.xib in Resources */ = {isa = PBXBuildFile; fileRef = FA38EF731B0EE54D0006E5D2 /* LaunchScreen.xib */; };
		FA38EF781B0EE54D0006E5D2 /* Images.xcassets in Resources */ = {isa = PBXBuildFile; fileRef = FA38EF751B0EE54D0006E5D2 /* Images.xcassets */; };
		FA9E91831B095173009812E8 /* AlcolatorTests.m in Sources */ = {isa = PBXBuildFile; fileRef = FA9E91821B095173009812E8 /* AlcolatorTests.m */; };
		FAD47B5A1B16C46500AEE782 /* WhiskeyViewController.m in Sources */ = {isa = PBXBuildFile; fileRef = FAD47B591B16C46500AEE782 /* WhiskeyViewController.m */; };
		FAF945911B82E15E0056F171 /* MainMenuViewController.m in Sources */ = {isa = PBXBuildFile; fileRef = FAF945901B82E15E0056F171 /* MainMenuViewController.m */; };
/* End PBXBuildFile section */

/* Begin PBXContainerItemProxy section */
		FA9E917D1B095173009812E8 /* PBXContainerItemProxy */ = {
			isa = PBXContainerItemProxy;
			containerPortal = FA9E915B1B095173009812E8 /* Project object */;
			proxyType = 1;
			remoteGlobalIDString = FA9E91621B095173009812E8;
			remoteInfo = Alcolator;
		};
/* End PBXContainerItemProxy section */

/* Begin PBXFileReference section */
		FA38EF681B0EE4DB0006E5D2 /* ViewController.m */ = {isa = PBXFileReference; fileEncoding = 4; lastKnownFileType = sourcecode.c.objc; path = ViewController.m; sourceTree = SOURCE_ROOT; };
		FA38EF6B1B0EE4DB0006E5D2 /* AppDelegate.h */ = {isa = PBXFileReference; fileEncoding = 4; lastKnownFileType = sourcecode.c.h; path = AppDelegate.h; sourceTree = SOURCE_ROOT; };
		FA38EF6C1B0EE4DB0006E5D2 /* AppDelegate.m */ = {isa = PBXFileReference; fileEncoding = 4; lastKnownFileType = sourcecode.c.objc; path = AppDelegate.m; sourceTree = SOURCE_ROOT; };
		FA38EF6D1B0EE4DB0006E5D2 /* ViewController.h */ = {isa = PBXFileReference; fileEncoding = 4; lastKnownFileType = sourcecode.c.h; path = ViewController.h; sourceTree = SOURCE_ROOT; };
		FA38EF711B0EE5100006E5D2 /* main.m */ = {isa = PBXFileReference; fileEncoding = 4; lastKnownFileType = sourcecode.c.objc; path = main.m; sourceTree = SOURCE_ROOT; };
		FA38EF741B0EE54D0006E5D2 /* Base */ = {isa = PBXFileReference; lastKnownFileType = file.xib; name = Base; path = Base.lproj/LaunchScreen.xib; sourceTree = SOURCE_ROOT; };
		FA38EF751B0EE54D0006E5D2 /* Images.xcassets */ = {isa = PBXFileReference; lastKnownFileType = folder.assetcatalog; path = Images.xcassets; sourceTree = SOURCE_ROOT; };
		FA38EF761B0EE54D0006E5D2 /* Info.plist */ = {isa = PBXFileReference; fileEncoding = 4; lastKnownFileType = text.plist.xml; path = Info.plist; sourceTree = SOURCE_ROOT; };
		FA9E91631B095173009812E8 /* Alcolator.app */ = {isa = PBXFileReference; explicitFileType = wrapper.application; includeInIndex = 0; path = Alcolator.app; sourceTree = BUILT_PRODUCTS_DIR; };
		FA9E917C1B095173009812E8 /* AlcolatorTests.xctest */ = {isa = PBXFileReference; explicitFileType = wrapper.cfbundle; includeInIndex = 0; path = AlcolatorTests.xctest; sourceTree = BUILT_PRODUCTS_DIR; };
		FA9E91811B095173009812E8 /* Info.plist */ = {isa = PBXFileReference; lastKnownFileType = text.plist.xml; name = Info.plist; path = AlcolatorTests/Info.plist; sourceTree = SOURCE_ROOT; };
		FA9E91821B095173009812E8 /* AlcolatorTests.m */ = {isa = PBXFileReference; lastKnownFileType = sourcecode.c.objc; path = AlcolatorTests.m; sourceTree = "<group>"; };
		FAD47B581B16C46500AEE782 /* WhiskeyViewController.h */ = {isa = PBXFileReference; fileEncoding = 4; lastKnownFileType = sourcecode.c.h; path = WhiskeyViewController.h; sourceTree = "<group>"; };
		FAD47B591B16C46500AEE782 /* WhiskeyViewController.m */ = {isa = PBXFileReference; fileEncoding = 4; lastKnownFileType = sourcecode.c.objc; path = WhiskeyViewController.m; sourceTree = "<group>"; };
		FAF9458F1B82E15E0056F171 /* MainMenuViewController.h */ = {isa = PBXFileReference; fileEncoding = 4; lastKnownFileType = sourcecode.c.h; path = MainMenuViewController.h; sourceTree = SOURCE_ROOT; };
		FAF945901B82E15E0056F171 /* MainMenuViewController.m */ = {isa = PBXFileReference; fileEncoding = 4; lastKnownFileType = sourcecode.c.objc; path = MainMenuViewController.m; sourceTree = SOURCE_ROOT; };
/* End PBXFileReference section */

/* Begin PBXFrameworksBuildPhase section */
		FA9E91601B095173009812E8 /* Frameworks */ = {
			isa = PBXFrameworksBuildPhase;
			buildActionMask = 2147483647;
			files = (
			);
			runOnlyForDeploymentPostprocessing = 0;
		};
		FA9E91791B095173009812E8 /* Frameworks */ = {
			isa = PBXFrameworksBuildPhase;
			buildActionMask = 2147483647;
			files = (
			);
			runOnlyForDeploymentPostprocessing = 0;
		};
/* End PBXFrameworksBuildPhase section */

/* Begin PBXGroup section */
		FA9E915A1B095173009812E8 = {
			isa = PBXGroup;
			children = (
				FAD47B581B16C46500AEE782 /* WhiskeyViewController.h */,
				FAD47B591B16C46500AEE782 /* WhiskeyViewController.m */,
				FA9E91651B095173009812E8 /* Alcolator */,
				FA9E917F1B095173009812E8 /* AlcolatorTests */,
				FA9E91641B095173009812E8 /* Products */,
			);
			sourceTree = "<group>";
		};
		FA9E91641B095173009812E8 /* Products */ = {
			isa = PBXGroup;
			children = (
				FA9E91631B095173009812E8 /* Alcolator.app */,
				FA9E917C1B095173009812E8 /* AlcolatorTests.xctest */,
			);
			name = Products;
			sourceTree = "<group>";
		};
		FA9E91651B095173009812E8 /* Alcolator */ = {
			isa = PBXGroup;
			children = (
				FA38EF731B0EE54D0006E5D2 /* LaunchScreen.xib */,
				FA38EF751B0EE54D0006E5D2 /* Images.xcassets */,
				FA38EF761B0EE54D0006E5D2 /* Info.plist */,
				FA38EF6D1B0EE4DB0006E5D2 /* ViewController.h */,
				FA38EF681B0EE4DB0006E5D2 /* ViewController.m */,
				FA38EF6B1B0EE4DB0006E5D2 /* AppDelegate.h */,
				FA38EF6C1B0EE4DB0006E5D2 /* AppDelegate.m */,
				FA9E91661B095173009812E8 /* Supporting Files */,
				FAF9458F1B82E15E0056F171 /* MainMenuViewController.h */,
				FAF945901B82E15E0056F171 /* MainMenuViewController.m */,
			);
			path = Alcolator;
			sourceTree = "<group>";
		};
		FA9E91661B095173009812E8 /* Supporting Files */ = {
			isa = PBXGroup;
			children = (
				FA38EF711B0EE5100006E5D2 /* main.m */,
			);
			name = "Supporting Files";
			sourceTree = "<group>";
		};
		FA9E917F1B095173009812E8 /* AlcolatorTests */ = {
			isa = PBXGroup;
			children = (
				FA9E91821B095173009812E8 /* AlcolatorTests.m */,
				FA9E91801B095173009812E8 /* Supporting Files */,
			);
			path = AlcolatorTests;
			sourceTree = "<group>";
		};
		FA9E91801B095173009812E8 /* Supporting Files */ = {
			isa = PBXGroup;
			children = (
				FA9E91811B095173009812E8 /* Info.plist */,
			);
			name = "Supporting Files";
			sourceTree = "<group>";
		};
/* End PBXGroup section */

/* Begin PBXNativeTarget section */
		FA9E91621B095173009812E8 /* Alcolator */ = {
			isa = PBXNativeTarget;
			buildConfigurationList = FA9E91861B095173009812E8 /* Build configuration list for PBXNativeTarget "Alcolator" */;
			buildPhases = (
				FA9E915F1B095173009812E8 /* Sources */,
				FA9E91601B095173009812E8 /* Frameworks */,
				FA9E91611B095173009812E8 /* Resources */,
			);
			buildRules = (
			);
			dependencies = (
			);
			name = Alcolator;
			productName = Alcolator;
			productReference = FA9E91631B095173009812E8 /* Alcolator.app */;
			productType = "com.apple.product-type.application";
		};
		FA9E917B1B095173009812E8 /* AlcolatorTests */ = {
			isa = PBXNativeTarget;
			buildConfigurationList = FA9E91891B095173009812E8 /* Build configuration list for PBXNativeTarget "AlcolatorTests" */;
			buildPhases = (
				FA9E91781B095173009812E8 /* Sources */,
				FA9E91791B095173009812E8 /* Frameworks */,
				FA9E917A1B095173009812E8 /* Resources */,
			);
			buildRules = (
			);
			dependencies = (
				FA9E917E1B095173009812E8 /* PBXTargetDependency */,
			);
			name = AlcolatorTests;
			productName = AlcolatorTests;
			productReference = FA9E917C1B095173009812E8 /* AlcolatorTests.xctest */;
			productType = "com.apple.product-type.bundle.unit-test";
		};
/* End PBXNativeTarget section */

/* Begin PBXProject section */
		FA9E915B1B095173009812E8 /* Project object */ = {
			isa = PBXProject;
			attributes = {
				LastUpgradeCheck = 0640;
				ORGANIZATIONNAME = Bloc;
				TargetAttributes = {
					FA9E91621B095173009812E8 = {
						CreatedOnToolsVersion = 6.3.1;
					};
					FA9E917B1B095173009812E8 = {
						CreatedOnToolsVersion = 6.3.1;
						TestTargetID = FA9E91621B095173009812E8;
					};
				};
			};
			buildConfigurationList = FA9E915E1B095173009812E8 /* Build configuration list for PBXProject "Alcolator" */;
			compatibilityVersion = "Xcode 3.2";
			developmentRegion = English;
			hasScannedForEncodings = 0;
			knownRegions = (
				en,
				Base,
			);
			mainGroup = FA9E915A1B095173009812E8;
			productRefGroup = FA9E91641B095173009812E8 /* Products */;
			projectDirPath = "";
			projectRoot = "";
			targets = (
				FA9E91621B095173009812E8 /* Alcolator */,
				FA9E917B1B095173009812E8 /* AlcolatorTests */,
			);
		};
/* End PBXProject section */

/* Begin PBXResourcesBuildPhase section */
		FA9E91611B095173009812E8 /* Resources */ = {
			isa = PBXResourcesBuildPhase;
			buildActionMask = 2147483647;
			files = (
				FA38EF781B0EE54D0006E5D2 /* Images.xcassets in Resources */,
				FA38EF771B0EE54D0006E5D2 /* LaunchScreen.xib in Resources */,
			);
			runOnlyForDeploymentPostprocessing = 0;
		};
		FA9E917A1B095173009812E8 /* Resources */ = {
			isa = PBXResourcesBuildPhase;
			buildActionMask = 2147483647;
			files = (
			);
			runOnlyForDeploymentPostprocessing = 0;
		};
/* End PBXResourcesBuildPhase section */

/* Begin PBXSourcesBuildPhase section */
		FA9E915F1B095173009812E8 /* Sources */ = {
			isa = PBXSourcesBuildPhase;
			buildActionMask = 2147483647;
			files = (
				FA38EF6E1B0EE4DB0006E5D2 /* ViewController.m in Sources */,
				FAD47B5A1B16C46500AEE782 /* WhiskeyViewController.m in Sources */,
				FA38EF721B0EE5100006E5D2 /* main.m in Sources */,
				FA38EF701B0EE4DB0006E5D2 /* AppDelegate.m in Sources */,
				FAF945911B82E15E0056F171 /* MainMenuViewController.m in Sources */,
			);
			runOnlyForDeploymentPostprocessing = 0;
		};
		FA9E91781B095173009812E8 /* Sources */ = {
			isa = PBXSourcesBuildPhase;
			buildActionMask = 2147483647;
			files = (
				FA9E91831B095173009812E8 /* AlcolatorTests.m in Sources */,
			);
			runOnlyForDeploymentPostprocessing = 0;
		};
/* End PBXSourcesBuildPhase section */

/* Begin PBXTargetDependency section */
		FA9E917E1B095173009812E8 /* PBXTargetDependency */ = {
			isa = PBXTargetDependency;
			target = FA9E91621B095173009812E8 /* Alcolator */;
			targetProxy = FA9E917D1B095173009812E8 /* PBXContainerItemProxy */;
		};
/* End PBXTargetDependency section */

/* Begin PBXVariantGroup section */
		FA38EF731B0EE54D0006E5D2 /* LaunchScreen.xib */ = {
			isa = PBXVariantGroup;
			children = (
				FA38EF741B0EE54D0006E5D2 /* Base */,
			);
			name = LaunchScreen.xib;
			sourceTree = "<group>";
		};
/* End PBXVariantGroup section */

/* Begin XCBuildConfiguration section */
		FA9E91841B095173009812E8 /* Debug */ = {
			isa = XCBuildConfiguration;
			buildSettings = {
				ALWAYS_SEARCH_USER_PATHS = NO;
				CLANG_CXX_LANGUAGE_STANDARD = "gnu++0x";
				CLANG_CXX_LIBRARY = "libc++";
				CLANG_ENABLE_MODULES = YES;
				CLANG_ENABLE_OBJC_ARC = YES;
				CLANG_WARN_BOOL_CONVERSION = YES;
				CLANG_WARN_CONSTANT_CONVERSION = YES;
				CLANG_WARN_DIRECT_OBJC_ISA_USAGE = YES_ERROR;
				CLANG_WARN_EMPTY_BODY = YES;
				CLANG_WARN_ENUM_CONVERSION = YES;
				CLANG_WARN_INT_CONVERSION = YES;
				CLANG_WARN_OBJC_ROOT_CLASS = YES_ERROR;
				CLANG_WARN_UNREACHABLE_CODE = YES;
				CLANG_WARN__DUPLICATE_METHOD_MATCH = YES;
				"CODE_SIGN_IDENTITY[sdk=iphoneos*]" = "iPhone Developer";
				COPY_PHASE_STRIP = NO;
				DEBUG_INFORMATION_FORMAT = "dwarf-with-dsym";
				ENABLE_STRICT_OBJC_MSGSEND = YES;
				GCC_C_LANGUAGE_STANDARD = gnu99;
				GCC_DYNAMIC_NO_PIC = NO;
				GCC_NO_COMMON_BLOCKS = YES;
				GCC_OPTIMIZATION_LEVEL = 0;
				GCC_PREPROCESSOR_DEFINITIONS = (
					"DEBUG=1",
					"$(inherited)",
				);
				GCC_SYMBOLS_PRIVATE_EXTERN = NO;
				GCC_WARN_64_TO_32_BIT_CONVERSION = YES;
				GCC_WARN_ABOUT_RETURN_TYPE = YES_ERROR;
				GCC_WARN_UNDECLARED_SELECTOR = YES;
				GCC_WARN_UNINITIALIZED_AUTOS = YES_AGGRESSIVE;
				GCC_WARN_UNUSED_FUNCTION = YES;
				GCC_WARN_UNUSED_VARIABLE = YES;
				IPHONEOS_DEPLOYMENT_TARGET = 8.3;
				MTL_ENABLE_DEBUG_INFO = YES;
				ONLY_ACTIVE_ARCH = YES;
				SDKROOT = iphoneos;
			};
			name = Debug;
		};
		FA9E91851B095173009812E8 /* Release */ = {
			isa = XCBuildConfiguration;
			buildSettings = {
				ALWAYS_SEARCH_USER_PATHS = NO;
				CLANG_CXX_LANGUAGE_STANDARD = "gnu++0x";
				CLANG_CXX_LIBRARY = "libc++";
				CLANG_ENABLE_MODULES = YES;
				CLANG_ENABLE_OBJC_ARC = YES;
				CLANG_WARN_BOOL_CONVERSION = YES;
				CLANG_WARN_CONSTANT_CONVERSION = YES;
				CLANG_WARN_DIRECT_OBJC_ISA_USAGE = YES_ERROR;
				CLANG_WARN_EMPTY_BODY = YES;
				CLANG_WARN_ENUM_CONVERSION = YES;
				CLANG_WARN_INT_CONVERSION = YES;
				CLANG_WARN_OBJC_ROOT_CLASS = YES_ERROR;
				CLANG_WARN_UNREACHABLE_CODE = YES;
				CLANG_WARN__DUPLICATE_METHOD_MATCH = YES;
				"CODE_SIGN_IDENTITY[sdk=iphoneos*]" = "iPhone Developer";
				COPY_PHASE_STRIP = NO;
				DEBUG_INFORMATION_FORMAT = "dwarf-with-dsym";
				ENABLE_NS_ASSERTIONS = NO;
				ENABLE_STRICT_OBJC_MSGSEND = YES;
				GCC_C_LANGUAGE_STANDARD = gnu99;
				GCC_NO_COMMON_BLOCKS = YES;
				GCC_WARN_64_TO_32_BIT_CONVERSION = YES;
				GCC_WARN_ABOUT_RETURN_TYPE = YES_ERROR;
				GCC_WARN_UNDECLARED_SELECTOR = YES;
				GCC_WARN_UNINITIALIZED_AUTOS = YES_AGGRESSIVE;
				GCC_WARN_UNUSED_FUNCTION = YES;
				GCC_WARN_UNUSED_VARIABLE = YES;
				IPHONEOS_DEPLOYMENT_TARGET = 8.3;
				MTL_ENABLE_DEBUG_INFO = NO;
				SDKROOT = iphoneos;
				VALIDATE_PRODUCT = YES;
			};
			name = Release;
		};
		FA9E91871B095173009812E8 /* Debug */ = {
			isa = XCBuildConfiguration;
			buildSettings = {
				ASSETCATALOG_COMPILER_APPICON_NAME = AppIcon;
				INFOPLIST_FILE = Info.plist;
				LD_RUNPATH_SEARCH_PATHS = "$(inherited) @executable_path/Frameworks";
				PRODUCT_NAME = "$(TARGET_NAME)";
				TARGETED_DEVICE_FAMILY = "1,2";
			};
			name = Debug;
		};
		FA9E91881B095173009812E8 /* Release */ = {
			isa = XCBuildConfiguration;
			buildSettings = {
				ASSETCATALOG_COMPILER_APPICON_NAME = AppIcon;
				INFOPLIST_FILE = Info.plist;
				LD_RUNPATH_SEARCH_PATHS = "$(inherited) @executable_path/Frameworks";
				PRODUCT_NAME = "$(TARGET_NAME)";
				TARGETED_DEVICE_FAMILY = "1,2";
			};
			name = Release;
		};
		FA9E918A1B095173009812E8 /* Debug */ = {
			isa = XCBuildConfiguration;
			buildSettings = {
				BUNDLE_LOADER = "$(TEST_HOST)";
				FRAMEWORK_SEARCH_PATHS = (
					"$(SDKROOT)/Developer/Library/Frameworks",
					"$(inherited)",
				);
				GCC_PREPROCESSOR_DEFINITIONS = (
					"DEBUG=1",
					"$(inherited)",
				);
				INFOPLIST_FILE = AlcolatorTests/Info.plist;
				LD_RUNPATH_SEARCH_PATHS = "$(inherited) @executable_path/Frameworks @loader_path/Frameworks";
				PRODUCT_NAME = "$(TARGET_NAME)";
				TEST_HOST = "$(BUILT_PRODUCTS_DIR)/Alcolator.app/Alcolator";
			};
			name = Debug;
		};
		FA9E918B1B095173009812E8 /* Release */ = {
			isa = XCBuildConfiguration;
			buildSettings = {
				BUNDLE_LOADER = "$(TEST_HOST)";
				FRAMEWORK_SEARCH_PATHS = (
					"$(SDKROOT)/Developer/Library/Frameworks",
					"$(inherited)",
				);
				INFOPLIST_FILE = AlcolatorTests/Info.plist;
				LD_RUNPATH_SEARCH_PATHS = "$(inherited) @executable_path/Frameworks @loader_path/Frameworks";
				PRODUCT_NAME = "$(TARGET_NAME)";
				TEST_HOST = "$(BUILT_PRODUCTS_DIR)/Alcolator.app/Alcolator";
			};
			name = Release;
		};
/* End XCBuildConfiguration section */

/* Begin XCConfigurationList section */
		FA9E915E1B095173009812E8 /* Build configuration list for PBXProject "Alcolator" */ = {
			isa = XCConfigurationList;
			buildConfigurations = (
				FA9E91841B095173009812E8 /* Debug */,
				FA9E91851B095173009812E8 /* Release */,
			);
			defaultConfigurationIsVisible = 0;
			defaultConfigurationName = Release;
		};
		FA9E91861B095173009812E8 /* Build configuration list for PBXNativeTarget "Alcolator" */ = {
			isa = XCConfigurationList;
			buildConfigurations = (
				FA9E91871B095173009812E8 /* Debug */,
				FA9E91881B095173009812E8 /* Release */,
			);
			defaultConfigurationIsVisible = 0;
			defaultConfigurationName = Release;
		};
		FA9E91891B095173009812E8 /* Build configuration list for PBXNativeTarget "AlcolatorTests" */ = {
			isa = XCConfigurationList;
			buildConfigurations = (
				FA9E918A1B095173009812E8 /* Debug */,
				FA9E918B1B095173009812E8 /* Release */,
			);
			defaultConfigurationIsVisible = 0;
			defaultConfigurationName = Release;
		};
/* End XCConfigurationList section */
	};
	rootObject = FA9E915B1B095173009812E8 /* Project object */;
}
